// !$*UTF8*$!
{
	archiveVersion = 1;
	classes = {
	};
	objectVersion = 50;
	objects = {

/* Begin PBXBuildFile section */
		1D35E335241FA3AA0029709A /* AppDelegate.swift in Sources */ = {isa = PBXBuildFile; fileRef = 1D35E334241FA3AA0029709A /* AppDelegate.swift */; };
		1D35E337241FA3AA0029709A /* SceneDelegate.swift in Sources */ = {isa = PBXBuildFile; fileRef = 1D35E336241FA3AA0029709A /* SceneDelegate.swift */; };
		1D35E339241FA3AA0029709A /* ViewController.swift in Sources */ = {isa = PBXBuildFile; fileRef = 1D35E338241FA3AA0029709A /* ViewController.swift */; };
		1D35E33C241FA3AA0029709A /* Main.storyboard in Resources */ = {isa = PBXBuildFile; fileRef = 1D35E33A241FA3AA0029709A /* Main.storyboard */; };
		1D35E33E241FA3AB0029709A /* Assets.xcassets in Resources */ = {isa = PBXBuildFile; fileRef = 1D35E33D241FA3AB0029709A /* Assets.xcassets */; };
		1D35E341241FA3AB0029709A /* LaunchScreen.storyboard in Resources */ = {isa = PBXBuildFile; fileRef = 1D35E33F241FA3AB0029709A /* LaunchScreen.storyboard */; };
		1D35E34C241FA3AB0029709A /* firstTests.swift in Sources */ = {isa = PBXBuildFile; fileRef = 1D35E34B241FA3AB0029709A /* firstTests.swift */; };
		1D35E357241FA3AC0029709A /* firstUITests.swift in Sources */ = {isa = PBXBuildFile; fileRef = 1D35E356241FA3AC0029709A /* firstUITests.swift */; };
/* End PBXBuildFile section */

/* Begin PBXContainerItemProxy section */
		1D35E348241FA3AB0029709A /* PBXContainerItemProxy */ = {
			isa = PBXContainerItemProxy;
			containerPortal = 1D35E329241FA3AA0029709A /* Project object */;
			proxyType = 1;
			remoteGlobalIDString = 1D35E330241FA3AA0029709A;
			remoteInfo = first;
		};
		1D35E353241FA3AC0029709A /* PBXContainerItemProxy */ = {
			isa = PBXContainerItemProxy;
			containerPortal = 1D35E329241FA3AA0029709A /* Project object */;
			proxyType = 1;
			remoteGlobalIDString = 1D35E330241FA3AA0029709A;
			remoteInfo = first;
		};
/* End PBXContainerItemProxy section */

/* Begin PBXFileReference section */
		1D35E331241FA3AA0029709A /* first.app */ = {isa = PBXFileReference; explicitFileType = wrapper.application; includeInIndex = 0; path = first.app; sourceTree = BUILT_PRODUCTS_DIR; };
		1D35E334241FA3AA0029709A /* AppDelegate.swift */ = {isa = PBXFileReference; lastKnownFileType = sourcecode.swift; path = AppDelegate.swift; sourceTree = "<group>"; };
		1D35E336241FA3AA0029709A /* SceneDelegate.swift */ = {isa = PBXFileReference; lastKnownFileType = sourcecode.swift; path = SceneDelegate.swift; sourceTree = "<group>"; };
		1D35E338241FA3AA0029709A /* ViewController.swift */ = {isa = PBXFileReference; lastKnownFileType = sourcecode.swift; path = ViewController.swift; sourceTree = "<group>"; };
		1D35E33B241FA3AA0029709A /* Base */ = {isa = PBXFileReference; lastKnownFileType = file.storyboard; name = Base; path = Base.lproj/Main.storyboard; sourceTree = "<group>"; };
		1D35E33D241FA3AB0029709A /* Assets.xcassets */ = {isa = PBXFileReference; lastKnownFileType = folder.assetcatalog; path = Assets.xcassets; sourceTree = "<group>"; };
		1D35E340241FA3AB0029709A /* Base */ = {isa = PBXFileReference; lastKnownFileType = file.storyboard; name = Base; path = Base.lproj/LaunchScreen.storyboard; sourceTree = "<group>"; };
		1D35E342241FA3AB0029709A /* Info.plist */ = {isa = PBXFileReference; lastKnownFileType = text.plist.xml; path = Info.plist; sourceTree = "<group>"; };
		1D35E347241FA3AB0029709A /* firstTests.xctest */ = {isa = PBXFileReference; explicitFileType = wrapper.cfbundle; includeInIndex = 0; path = firstTests.xctest; sourceTree = BUILT_PRODUCTS_DIR; };
		1D35E34B241FA3AB0029709A /* firstTests.swift */ = {isa = PBXFileReference; lastKnownFileType = sourcecode.swift; path = firstTests.swift; sourceTree = "<group>"; };
		1D35E34D241FA3AB0029709A /* Info.plist */ = {isa = PBXFileReference; lastKnownFileType = text.plist.xml; path = Info.plist; sourceTree = "<group>"; };
		1D35E352241FA3AC0029709A /* firstUITests.xctest */ = {isa = PBXFileReference; explicitFileType = wrapper.cfbundle; includeInIndex = 0; path = firstUITests.xctest; sourceTree = BUILT_PRODUCTS_DIR; };
		1D35E356241FA3AC0029709A /* firstUITests.swift */ = {isa = PBXFileReference; lastKnownFileType = sourcecode.swift; path = firstUITests.swift; sourceTree = "<group>"; };
		1D35E358241FA3AC0029709A /* Info.plist */ = {isa = PBXFileReference; lastKnownFileType = text.plist.xml; path = Info.plist; sourceTree = "<group>"; };
/* End PBXFileReference section */

/* Begin PBXFrameworksBuildPhase section */
		1D35E32E241FA3AA0029709A /* Frameworks */ = {
			isa = PBXFrameworksBuildPhase;
			buildActionMask = 2147483647;
			files = (
			);
			runOnlyForDeploymentPostprocessing = 0;
		};
		1D35E344241FA3AB0029709A /* Frameworks */ = {
			isa = PBXFrameworksBuildPhase;
			buildActionMask = 2147483647;
			files = (
			);
			runOnlyForDeploymentPostprocessing = 0;
		};
		1D35E34F241FA3AC0029709A /* Frameworks */ = {
			isa = PBXFrameworksBuildPhase;
			buildActionMask = 2147483647;
			files = (
			);
			runOnlyForDeploymentPostprocessing = 0;
		};
/* End PBXFrameworksBuildPhase section */

/* Begin PBXGroup section */
		1D35E328241FA3AA0029709A = {
			isa = PBXGroup;
			children = (
				1D35E333241FA3AA0029709A /* first */,
				1D35E34A241FA3AB0029709A /* firstTests */,
				1D35E355241FA3AC0029709A /* firstUITests */,
				1D35E332241FA3AA0029709A /* Products */,
			);
			sourceTree = "<group>";
		};
		1D35E332241FA3AA0029709A /* Products */ = {
			isa = PBXGroup;
			children = (
				1D35E331241FA3AA0029709A /* first.app */,
				1D35E347241FA3AB0029709A /* firstTests.xctest */,
				1D35E352241FA3AC0029709A /* firstUITests.xctest */,
			);
			name = Products;
			sourceTree = "<group>";
		};
		1D35E333241FA3AA0029709A /* first */ = {
			isa = PBXGroup;
			children = (
				1D35E334241FA3AA0029709A /* AppDelegate.swift */,
				1D35E336241FA3AA0029709A /* SceneDelegate.swift */,
				1D35E338241FA3AA0029709A /* ViewController.swift */,
				1D35E33A241FA3AA0029709A /* Main.storyboard */,
				1D35E33D241FA3AB0029709A /* Assets.xcassets */,
				1D35E33F241FA3AB0029709A /* LaunchScreen.storyboard */,
				1D35E342241FA3AB0029709A /* Info.plist */,
			);
			path = first;
			sourceTree = "<group>";
		};
		1D35E34A241FA3AB0029709A /* firstTests */ = {
			isa = PBXGroup;
			children = (
				1D35E34B241FA3AB0029709A /* firstTests.swift */,
				1D35E34D241FA3AB0029709A /* Info.plist */,
			);
			path = firstTests;
			sourceTree = "<group>";
		};
		1D35E355241FA3AC0029709A /* firstUITests */ = {
			isa = PBXGroup;
			children = (
				1D35E356241FA3AC0029709A /* firstUITests.swift */,
				1D35E358241FA3AC0029709A /* Info.plist */,
			);
			path = firstUITests;
			sourceTree = "<group>";
		};
/* End PBXGroup section */

/* Begin PBXNativeTarget section */
		1D35E330241FA3AA0029709A /* first */ = {
			isa = PBXNativeTarget;
			buildConfigurationList = 1D35E35B241FA3AC0029709A /* Build configuration list for PBXNativeTarget "first" */;
			buildPhases = (
				1D35E32D241FA3AA0029709A /* Sources */,
				1D35E32E241FA3AA0029709A /* Frameworks */,
				1D35E32F241FA3AA0029709A /* Resources */,
			);
			buildRules = (
			);
			dependencies = (
			);
			name = first;
			productName = first;
			productReference = 1D35E331241FA3AA0029709A /* first.app */;
			productType = "com.apple.product-type.application";
		};
		1D35E346241FA3AB0029709A /* firstTests */ = {
			isa = PBXNativeTarget;
			buildConfigurationList = 1D35E35E241FA3AC0029709A /* Build configuration list for PBXNativeTarget "firstTests" */;
			buildPhases = (
				1D35E343241FA3AB0029709A /* Sources */,
				1D35E344241FA3AB0029709A /* Frameworks */,
				1D35E345241FA3AB0029709A /* Resources */,
			);
			buildRules = (
			);
			dependencies = (
				1D35E349241FA3AB0029709A /* PBXTargetDependency */,
			);
			name = firstTests;
			productName = firstTests;
			productReference = 1D35E347241FA3AB0029709A /* firstTests.xctest */;
			productType = "com.apple.product-type.bundle.unit-test";
		};
		1D35E351241FA3AC0029709A /* firstUITests */ = {
			isa = PBXNativeTarget;
			buildConfigurationList = 1D35E361241FA3AC0029709A /* Build configuration list for PBXNativeTarget "firstUITests" */;
			buildPhases = (
				1D35E34E241FA3AC0029709A /* Sources */,
				1D35E34F241FA3AC0029709A /* Frameworks */,
				1D35E350241FA3AC0029709A /* Resources */,
			);
			buildRules = (
			);
			dependencies = (
				1D35E354241FA3AC0029709A /* PBXTargetDependency */,
			);
			name = firstUITests;
			productName = firstUITests;
			productReference = 1D35E352241FA3AC0029709A /* firstUITests.xctest */;
			productType = "com.apple.product-type.bundle.ui-testing";
		};
/* End PBXNativeTarget section */

/* Begin PBXProject section */
		1D35E329241FA3AA0029709A /* Project object */ = {
			isa = PBXProject;
			attributes = {
				LastSwiftUpdateCheck = 1130;
				LastUpgradeCheck = 1130;
				ORGANIZATIONNAME = "Mahendra Reddy";
				TargetAttributes = {
					1D35E330241FA3AA0029709A = {
						CreatedOnToolsVersion = 11.3;
					};
					1D35E346241FA3AB0029709A = {
						CreatedOnToolsVersion = 11.3;
						TestTargetID = 1D35E330241FA3AA0029709A;
					};
					1D35E351241FA3AC0029709A = {
						CreatedOnToolsVersion = 11.3;
						TestTargetID = 1D35E330241FA3AA0029709A;
					};
				};
			};
			buildConfigurationList = 1D35E32C241FA3AA0029709A /* Build configuration list for PBXProject "first" */;
			compatibilityVersion = "Xcode 9.3";
			developmentRegion = en;
			hasScannedForEncodings = 0;
			knownRegions = (
				en,
				Base,
			);
			mainGroup = 1D35E328241FA3AA0029709A;
			productRefGroup = 1D35E332241FA3AA0029709A /* Products */;
			projectDirPath = "";
			projectRoot = "";
			targets = (
				1D35E330241FA3AA0029709A /* first */,
				1D35E346241FA3AB0029709A /* firstTests */,
				1D35E351241FA3AC0029709A /* firstUITests */,
			);
		};
/* End PBXProject section */

/* Begin PBXResourcesBuildPhase section */
		1D35E32F241FA3AA0029709A /* Resources */ = {
			isa = PBXResourcesBuildPhase;
			buildActionMask = 2147483647;
			files = (
				1D35E341241FA3AB0029709A /* LaunchScreen.storyboard in Resources */,
				1D35E33E241FA3AB0029709A /* Assets.xcassets in Resources */,
				1D35E33C241FA3AA0029709A /* Main.storyboard in Resources */,
			);
			runOnlyForDeploymentPostprocessing = 0;
		};
		1D35E345241FA3AB0029709A /* Resources */ = {
			isa = PBXResourcesBuildPhase;
			buildActionMask = 2147483647;
			files = (
			);
			runOnlyForDeploymentPostprocessing = 0;
		};
		1D35E350241FA3AC0029709A /* Resources */ = {
			isa = PBXResourcesBuildPhase;
			buildActionMask = 2147483647;
			files = (
			);
			runOnlyForDeploymentPostprocessing = 0;
		};
/* End PBXResourcesBuildPhase section */

/* Begin PBXSourcesBuildPhase section */
		1D35E32D241FA3AA0029709A /* Sources */ = {
			isa = PBXSourcesBuildPhase;
			buildActionMask = 2147483647;
			files = (
				1D35E339241FA3AA0029709A /* ViewController.swift in Sources */,
				1D35E335241FA3AA0029709A /* AppDelegate.swift in Sources */,
				1D35E337241FA3AA0029709A /* SceneDelegate.swift in Sources */,
			);
			runOnlyForDeploymentPostprocessing = 0;
		};
		1D35E343241FA3AB0029709A /* Sources */ = {
			isa = PBXSourcesBuildPhase;
			buildActionMask = 2147483647;
			files = (
				1D35E34C241FA3AB0029709A /* firstTests.swift in Sources */,
			);
			runOnlyForDeploymentPostprocessing = 0;
		};
		1D35E34E241FA3AC0029709A /* Sources */ = {
			isa = PBXSourcesBuildPhase;
			buildActionMask = 2147483647;
			files = (
				1D35E357241FA3AC0029709A /* firstUITests.swift in Sources */,
			);
			runOnlyForDeploymentPostprocessing = 0;
		};
/* End PBXSourcesBuildPhase section */

/* Begin PBXTargetDependency section */
		1D35E349241FA3AB0029709A /* PBXTargetDependency */ = {
			isa = PBXTargetDependency;
			target = 1D35E330241FA3AA0029709A /* first */;
			targetProxy = 1D35E348241FA3AB0029709A /* PBXContainerItemProxy */;
		};
		1D35E354241FA3AC0029709A /* PBXTargetDependency */ = {
			isa = PBXTargetDependency;
			target = 1D35E330241FA3AA0029709A /* first */;
			targetProxy = 1D35E353241FA3AC0029709A /* PBXContainerItemProxy */;
		};
/* End PBXTargetDependency section */

/* Begin PBXVariantGroup section */
		1D35E33A241FA3AA0029709A /* Main.storyboard */ = {
			isa = PBXVariantGroup;
			children = (
				1D35E33B241FA3AA0029709A /* Base */,
			);
			name = Main.storyboard;
			sourceTree = "<group>";
		};
		1D35E33F241FA3AB0029709A /* LaunchScreen.storyboard */ = {
			isa = PBXVariantGroup;
			children = (
				1D35E340241FA3AB0029709A /* Base */,
			);
			name = LaunchScreen.storyboard;
			sourceTree = "<group>";
		};
/* End PBXVariantGroup section */

/* Begin XCBuildConfiguration section */
		1D35E359241FA3AC0029709A /* Debug */ = {
			isa = XCBuildConfiguration;
			buildSettings = {
				ALWAYS_SEARCH_USER_PATHS = NO;
				CLANG_ANALYZER_NONNULL = YES;
				CLANG_ANALYZER_NUMBER_OBJECT_CONVERSION = YES_AGGRESSIVE;
				CLANG_CXX_LANGUAGE_STANDARD = "gnu++14";
				CLANG_CXX_LIBRARY = "libc++";
				CLANG_ENABLE_MODULES = YES;
				CLANG_ENABLE_OBJC_ARC = YES;
				CLANG_ENABLE_OBJC_WEAK = YES;
				CLANG_WARN_BLOCK_CAPTURE_AUTORELEASING = YES;
				CLANG_WARN_BOOL_CONVERSION = YES;
				CLANG_WARN_COMMA = YES;
				CLANG_WARN_CONSTANT_CONVERSION = YES;
				CLANG_WARN_DEPRECATED_OBJC_IMPLEMENTATIONS = YES;
				CLANG_WARN_DIRECT_OBJC_ISA_USAGE = YES_ERROR;
				CLANG_WARN_DOCUMENTATION_COMMENTS = YES;
				CLANG_WARN_EMPTY_BODY = YES;
				CLANG_WARN_ENUM_CONVERSION = YES;
				CLANG_WARN_INFINITE_RECURSION = YES;
				CLANG_WARN_INT_CONVERSION = YES;
				CLANG_WARN_NON_LITERAL_NULL_CONVERSION = YES;
				CLANG_WARN_OBJC_IMPLICIT_RETAIN_SELF = YES;
				CLANG_WARN_OBJC_LITERAL_CONVERSION = YES;
				CLANG_WARN_OBJC_ROOT_CLASS = YES_ERROR;
				CLANG_WARN_RANGE_LOOP_ANALYSIS = YES;
				CLANG_WARN_STRICT_PROTOTYPES = YES;
				CLANG_WARN_SUSPICIOUS_MOVE = YES;
				CLANG_WARN_UNGUARDED_AVAILABILITY = YES_AGGRESSIVE;
				CLANG_WARN_UNREACHABLE_CODE = YES;
				CLANG_WARN__DUPLICATE_METHOD_MATCH = YES;
				COPY_PHASE_STRIP = NO;
				DEBUG_INFORMATION_FORMAT = dwarf;
				ENABLE_STRICT_OBJC_MSGSEND = YES;
				ENABLE_TESTABILITY = YES;
				GCC_C_LANGUAGE_STANDARD = gnu11;
				GCC_DYNAMIC_NO_PIC = NO;
				GCC_NO_COMMON_BLOCKS = YES;
				GCC_OPTIMIZATION_LEVEL = 0;
				GCC_PREPROCESSOR_DEFINITIONS = (
					"DEBUG=1",
					"$(inherited)",
				);
				GCC_WARN_64_TO_32_BIT_CONVERSION = YES;
				GCC_WARN_ABOUT_RETURN_TYPE = YES_ERROR;
				GCC_WARN_UNDECLARED_SELECTOR = YES;
				GCC_WARN_UNINITIALIZED_AUTOS = YES_AGGRESSIVE;
				GCC_WARN_UNUSED_FUNCTION = YES;
				GCC_WARN_UNUSED_VARIABLE = YES;
				IPHONEOS_DEPLOYMENT_TARGET = 13.2;
				MTL_ENABLE_DEBUG_INFO = INCLUDE_SOURCE;
				MTL_FAST_MATH = YES;
				ONLY_ACTIVE_ARCH = YES;
				SDKROOT = iphoneos;
				SWIFT_ACTIVE_COMPILATION_CONDITIONS = DEBUG;
				SWIFT_OPTIMIZATION_LEVEL = "-Onone";
			};
			name = Debug;
		};
		1D35E35A241FA3AC0029709A /* Release */ = {
			isa = XCBuildConfiguration;
			buildSettings = {
				ALWAYS_SEARCH_USER_PATHS = NO;
				CLANG_ANALYZER_NONNULL = YES;
				CLANG_ANALYZER_NUMBER_OBJECT_CONVERSION = YES_AGGRESSIVE;
				CLANG_CXX_LANGUAGE_STANDARD = "gnu++14";
				CLANG_CXX_LIBRARY = "libc++";
				CLANG_ENABLE_MODULES = YES;
				CLANG_ENABLE_OBJC_ARC = YES;
				CLANG_ENABLE_OBJC_WEAK = YES;
				CLANG_WARN_BLOCK_CAPTURE_AUTORELEASING = YES;
				CLANG_WARN_BOOL_CONVERSION = YES;
				CLANG_WARN_COMMA = YES;
				CLANG_WARN_CONSTANT_CONVERSION = YES;
				CLANG_WARN_DEPRECATED_OBJC_IMPLEMENTATIONS = YES;
				CLANG_WARN_DIRECT_OBJC_ISA_USAGE = YES_ERROR;
				CLANG_WARN_DOCUMENTATION_COMMENTS = YES;
				CLANG_WARN_EMPTY_BODY = YES;
				CLANG_WARN_ENUM_CONVERSION = YES;
				CLANG_WARN_INFINITE_RECURSION = YES;
				CLANG_WARN_INT_CONVERSION = YES;
				CLANG_WARN_NON_LITERAL_NULL_CONVERSION = YES;
				CLANG_WARN_OBJC_IMPLICIT_RETAIN_SELF = YES;
				CLANG_WARN_OBJC_LITERAL_CONVERSION = YES;
				CLANG_WARN_OBJC_ROOT_CLASS = YES_ERROR;
				CLANG_WARN_RANGE_LOOP_ANALYSIS = YES;
				CLANG_WARN_STRICT_PROTOTYPES = YES;
				CLANG_WARN_SUSPICIOUS_MOVE = YES;
				CLANG_WARN_UNGUARDED_AVAILABILITY = YES_AGGRESSIVE;
				CLANG_WARN_UNREACHABLE_CODE = YES;
				CLANG_WARN__DUPLICATE_METHOD_MATCH = YES;
				COPY_PHASE_STRIP = NO;
				DEBUG_INFORMATION_FORMAT = "dwarf-with-dsym";
				ENABLE_NS_ASSERTIONS = NO;
				ENABLE_STRICT_OBJC_MSGSEND = YES;
				GCC_C_LANGUAGE_STANDARD = gnu11;
				GCC_NO_COMMON_BLOCKS = YES;
				GCC_WARN_64_TO_32_BIT_CONVERSION = YES;
				GCC_WARN_ABOUT_RETURN_TYPE = YES_ERROR;
				GCC_WARN_UNDECLARED_SELECTOR = YES;
				GCC_WARN_UNINITIALIZED_AUTOS = YES_AGGRESSIVE;
				GCC_WARN_UNUSED_FUNCTION = YES;
				GCC_WARN_UNUSED_VARIABLE = YES;
				IPHONEOS_DEPLOYMENT_TARGET = 13.2;
				MTL_ENABLE_DEBUG_INFO = NO;
				MTL_FAST_MATH = YES;
				SDKROOT = iphoneos;
				SWIFT_COMPILATION_MODE = wholemodule;
				SWIFT_OPTIMIZATION_LEVEL = "-O";
				VALIDATE_PRODUCT = YES;
			};
			name = Release;
		};
		1D35E35C241FA3AC0029709A /* Debug */ = {
			isa = XCBuildConfiguration;
			buildSettings = {
				ASSETCATALOG_COMPILER_APPICON_NAME = AppIcon;
				CODE_SIGN_STYLE = Automatic;
				INFOPLIST_FILE = first/Info.plist;
				LD_RUNPATH_SEARCH_PATHS = (
					"$(inherited)",
					"@executable_path/Frameworks",
				);
				PRODUCT_BUNDLE_IDENTIFIER = demoProjects.first;
				PRODUCT_NAME = "$(TARGET_NAME)";
				SWIFT_VERSION = 5.0;
				TARGETED_DEVICE_FAMILY = "1,2";
			};
			name = Debug;
		};
		1D35E35D241FA3AC0029709A /* Release */ = {
			isa = XCBuildConfiguration;
			buildSettings = {
				ASSETCATALOG_COMPILER_APPICON_NAME = AppIcon;
				CODE_SIGN_STYLE = Automatic;
				INFOPLIST_FILE = first/Info.plist;
				LD_RUNPATH_SEARCH_PATHS = (
					"$(inherited)",
					"@executable_path/Frameworks",
				);
				PRODUCT_BUNDLE_IDENTIFIER = demoProjects.first;
				PRODUCT_NAME = "$(TARGET_NAME)";
				SWIFT_VERSION = 5.0;
				TARGETED_DEVICE_FAMILY = "1,2";
			};
			name = Release;
		};
		1D35E35F241FA3AC0029709A /* Debug */ = {
			isa = XCBuildConfiguration;
			buildSettings = {
				ALWAYS_EMBED_SWIFT_STANDARD_LIBRARIES = YES;
				BUNDLE_LOADER = "$(TEST_HOST)";
				CODE_SIGN_STYLE = Automatic;
				INFOPLIST_FILE = firstTests/Info.plist;
				IPHONEOS_DEPLOYMENT_TARGET = 13.2;
				LD_RUNPATH_SEARCH_PATHS = (
					"$(inherited)",
					"@executable_path/Frameworks",
					"@loader_path/Frameworks",
				);
				PRODUCT_BUNDLE_IDENTIFIER = demoProjects.firstTests;
				PRODUCT_NAME = "$(TARGET_NAME)";
				SWIFT_VERSION = 5.0;
				TARGETED_DEVICE_FAMILY = "1,2";
				TEST_HOST = "$(BUILT_PRODUCTS_DIR)/first.app/first";
			};
			name = Debug;
		};
		1D35E360241FA3AC0029709A /* Release */ = {
			isa = XCBuildConfiguration;
			buildSettings = {
				ALWAYS_EMBED_SWIFT_STANDARD_LIBRARIES = YES;
				BUNDLE_LOADER = "$(TEST_HOST)";
				CODE_SIGN_STYLE = Automatic;
				INFOPLIST_FILE = firstTests/Info.plist;
				IPHONEOS_DEPLOYMENT_TARGET = 13.2;
				LD_RUNPATH_SEARCH_PATHS = (
					"$(inherited)",
					"@executable_path/Frameworks",
					"@loader_path/Frameworks",
				);
				PRODUCT_BUNDLE_IDENTIFIER = demoProjects.firstTests;
				PRODUCT_NAME = "$(TARGET_NAME)";
				SWIFT_VERSION = 5.0;
				TARGETED_DEVICE_FAMILY = "1,2";
				TEST_HOST = "$(BUILT_PRODUCTS_DIR)/first.app/first";
			};
			name = Release;
		};
		1D35E362241FA3AC0029709A /* Debug */ = {
			isa = XCBuildConfiguration;
			buildSettings = {
				ALWAYS_EMBED_SWIFT_STANDARD_LIBRARIES = YES;
				CODE_SIGN_STYLE = Automatic;
				INFOPLIST_FILE = firstUITests/Info.plist;
				LD_RUNPATH_SEARCH_PATHS = (
					"$(inherited)",
					"@executable_path/Frameworks",
					"@loader_path/Frameworks",
				);
				PRODUCT_BUNDLE_IDENTIFIER = demoProjects.firstUITests;
				PRODUCT_NAME = "$(TARGET_NAME)";
				SWIFT_VERSION = 5.0;
				TARGETED_DEVICE_FAMILY = "1,2";
				TEST_TARGET_NAME = first;
			};
			name = Debug;
		};
		1D35E363241FA3AC0029709A /* Release */ = {
			isa = XCBuildConfiguration;
			buildSettings = {
				ALWAYS_EMBED_SWIFT_STANDARD_LIBRARIES = YES;
				CODE_SIGN_STYLE = Automatic;
				INFOPLIST_FILE = firstUITests/Info.plist;
				LD_RUNPATH_SEARCH_PATHS = (
					"$(inherited)",
					"@executable_path/Frameworks",
					"@loader_path/Frameworks",
				);
				PRODUCT_BUNDLE_IDENTIFIER = demoProjects.firstUITests;
				PRODUCT_NAME = "$(TARGET_NAME)";
				SWIFT_VERSION = 5.0;
				TARGETED_DEVICE_FAMILY = "1,2";
				TEST_TARGET_NAME = first;
			};
			name = Release;
		};
/* End XCBuildConfiguration section */

/* Begin XCConfigurationList section */
		1D35E32C241FA3AA0029709A /* Build configuration list for PBXProject "first" */ = {
			isa = XCConfigurationList;
			buildConfigurations = (
				1D35E359241FA3AC0029709A /* Debug */,
				1D35E35A241FA3AC0029709A /* Release */,
			);
			defaultConfigurationIsVisible = 0;
			defaultConfigurationName = Release;
		};
		1D35E35B241FA3AC0029709A /* Build configuration list for PBXNativeTarget "first" */ = {
			isa = XCConfigurationList;
			buildConfigurations = (
				1D35E35C241FA3AC0029709A /* Debug */,
				1D35E35D241FA3AC0029709A /* Release */,
			);
			defaultConfigurationIsVisible = 0;
			defaultConfigurationName = Release;
		};
		1D35E35E241FA3AC0029709A /* Build configuration list for PBXNativeTarget "firstTests" */ = {
			isa = XCConfigurationList;
			buildConfigurations = (
				1D35E35F241FA3AC0029709A /* Debug */,
				1D35E360241FA3AC0029709A /* Release */,
			);
			defaultConfigurationIsVisible = 0;
			defaultConfigurationName = Release;
		};
		1D35E361241FA3AC0029709A /* Build configuration list for PBXNativeTarget "firstUITests" */ = {
			isa = XCConfigurationList;
			buildConfigurations = (
				1D35E362241FA3AC0029709A /* Debug */,
				1D35E363241FA3AC0029709A /* Release */,
			);
			defaultConfigurationIsVisible = 0;
			defaultConfigurationName = Release;
		};
/* End XCConfigurationList section */
	};
	rootObject = 1D35E329241FA3AA0029709A /* Project object */;
}
